
Microsoft Visual Studio Solution File, Format Version 12.00
# Visual Studio 15
VisualStudioVersion = 15.0.27703.2000
MinimumVisualStudioVersion = 10.0.40219.1
Project("{2150E333-8FDC-42A3-9474-1A3956D46DE8}") = "Presentation", "Presentation", "{0DEB7927-0BF5-42DB-8069-ED15821F18EA}"
EndProject
Project("{2150E333-8FDC-42A3-9474-1A3956D46DE8}") = "Domain", "Domain", "{20E1BD63-2CF1-4337-B2C6-7E6F286C4F71}"
EndProject
Project("{2150E333-8FDC-42A3-9474-1A3956D46DE8}") = "Repository", "Repository", "{F45C2B8A-D0DA-4C10-B265-D5BE8EC0BB12}"
EndProject
Project("{2150E333-8FDC-42A3-9474-1A3956D46DE8}") = "Shared", "Shared", "{22899504-623B-44D5-9958-7FA949850CE7}"
EndProject
Project("{9A19103F-16F7-4668-BE54-9A1E7A4F7556}") = "ULMSCustomerApi", "ULMSCustomerApi\ULMSCustomerApi.csproj", "{E5431F31-0F3D-465C-A73A-7537484087A6}"
EndProject
Project("{9A19103F-16F7-4668-BE54-9A1E7A4F7556}") = "ULMSLookUps", "LookUps\ULMSLookUps.csproj", "{A45FBA9B-9504-4EE6-8188-25C7812EA636}"
EndProject
Project("{9A19103F-16F7-4668-BE54-9A1E7A4F7556}") = "ULMSDomain", "ULMSDomain\ULMSDomain.csproj", "{CB919B0D-01F9-451D-9959-341439ED247A}"
EndProject
Project("{9A19103F-16F7-4668-BE54-9A1E7A4F7556}") = "ULMSRepository", "ULMSRepository\ULMSRepository.csproj", "{794E92B3-DF66-4B54-A498-CD563D31118C}"
EndProject
Project("{2150E333-8FDC-42A3-9474-1A3956D46DE8}") = "Tests", "Tests", "{6769C6CD-E77F-4923-9F4B-F78EDD5DB45A}"
EndProject
Project("{2150E333-8FDC-42A3-9474-1A3956D46DE8}") = "UnitTests", "UnitTests", "{CDA2DE56-CF3B-4449-AA1F-E559AF81FBE0}"
EndProject
Project("{2150E333-8FDC-42A3-9474-1A3956D46DE8}") = "IntergrationTests", "IntergrationTests", "{62D6CFBE-CEF3-4B37-A6F4-42BBF3268E80}"
EndProject
Project("{FAE04EC0-301F-11D3-BF4B-00C04F79EFBC}") = "ULMSCustomerApi.Tests", "ULMSCustomerApi.Tests\ULMSCustomerApi.Tests.csproj", "{7C634A40-3246-4A05-80DF-10625F34E14D}"
EndProject
Global
	GlobalSection(SolutionConfigurationPlatforms) = preSolution
		Debug|Any CPU = Debug|Any CPU
		Release|Any CPU = Release|Any CPU
	EndGlobalSection
	GlobalSection(ProjectConfigurationPlatforms) = postSolution
		{E5431F31-0F3D-465C-A73A-7537484087A6}.Debug|Any CPU.ActiveCfg = Debug|Any CPU
		{E5431F31-0F3D-465C-A73A-7537484087A6}.Debug|Any CPU.Build.0 = Debug|Any CPU
		{E5431F31-0F3D-465C-A73A-7537484087A6}.Release|Any CPU.ActiveCfg = Release|Any CPU
		{E5431F31-0F3D-465C-A73A-7537484087A6}.Release|Any CPU.Build.0 = Release|Any CPU
		{A45FBA9B-9504-4EE6-8188-25C7812EA636}.Debug|Any CPU.ActiveCfg = Debug|Any CPU
		{A45FBA9B-9504-4EE6-8188-25C7812EA636}.Debug|Any CPU.Build.0 = Debug|Any CPU
		{A45FBA9B-9504-4EE6-8188-25C7812EA636}.Release|Any CPU.ActiveCfg = Release|Any CPU
		{A45FBA9B-9504-4EE6-8188-25C7812EA636}.Release|Any CPU.Build.0 = Release|Any CPU
		{CB919B0D-01F9-451D-9959-341439ED247A}.Debug|Any CPU.ActiveCfg = Debug|Any CPU
		{CB919B0D-01F9-451D-9959-341439ED247A}.Debug|Any CPU.Build.0 = Debug|Any CPU
		{CB919B0D-01F9-451D-9959-341439ED247A}.Release|Any CPU.ActiveCfg = Release|Any CPU
		{CB919B0D-01F9-451D-9959-341439ED247A}.Release|Any CPU.Build.0 = Release|Any CPU
		{794E92B3-DF66-4B54-A498-CD563D31118C}.Debug|Any CPU.ActiveCfg = Debug|Any CPU
		{794E92B3-DF66-4B54-A498-CD563D31118C}.Debug|Any CPU.Build.0 = Debug|Any CPU
		{794E92B3-DF66-4B54-A498-CD563D31118C}.Release|Any CPU.ActiveCfg = Release|Any CPU
		{794E92B3-DF66-4B54-A498-CD563D31118C}.Release|Any CPU.Build.0 = Release|Any CPU
		{7C634A40-3246-4A05-80DF-10625F34E14D}.Debug|Any CPU.ActiveCfg = Debug|Any CPU
		{7C634A40-3246-4A05-80DF-10625F34E14D}.Debug|Any CPU.Build.0 = Debug|Any CPU
		{7C634A40-3246-4A05-80DF-10625F34E14D}.Release|Any CPU.ActiveCfg = Release|Any CPU
		{7C634A40-3246-4A05-80DF-10625F34E14D}.Release|Any CPU.Build.0 = Release|Any CPU
	EndGlobalSection
	GlobalSection(SolutionProperties) = preSolution
		HideSolutionNode = FALSE
	EndGlobalSection
	GlobalSection(NestedProjects) = preSolution
		{E5431F31-0F3D-465C-A73A-7537484087A6} = {0DEB7927-0BF5-42DB-8069-ED15821F18EA}
		{A45FBA9B-9504-4EE6-8188-25C7812EA636} = {22899504-623B-44D5-9958-7FA949850CE7}
		{CB919B0D-01F9-451D-9959-341439ED247A} = {20E1BD63-2CF1-4337-B2C6-7E6F286C4F71}
		{794E92B3-DF66-4B54-A498-CD563D31118C} = {F45C2B8A-D0DA-4C10-B265-D5BE8EC0BB12}
		{CDA2DE56-CF3B-4449-AA1F-E559AF81FBE0} = {6769C6CD-E77F-4923-9F4B-F78EDD5DB45A}
		{62D6CFBE-CEF3-4B37-A6F4-42BBF3268E80} = {6769C6CD-E77F-4923-9F4B-F78EDD5DB45A}
		{7C634A40-3246-4A05-80DF-10625F34E14D} = {62D6CFBE-CEF3-4B37-A6F4-42BBF3268E80}
	EndGlobalSection
	GlobalSection(ExtensibilityGlobals) = postSolution
		SolutionGuid = {87BEFEBB-50CF-493E-9C87-6AA76A4E5218}
	EndGlobalSection
EndGlobal
